github.com/d2r2/go-dht v0.0.0-20200119175940-4ba96621a218 h1:z3u7ZAkBvqHD2zaECn0qd1BwMCTiAYcQjFdU8vflVHo=
github.com/d2r2/go-dht v0.0.0-20200119175940-4ba96621a218/go.mod h1:AzSqP4S4/6pINOKg3VC79WC7YY3zskQcrXMFzphCry0=
github.com/d2r2/go-logger v0.0.0-20181221090742-9998a510495e h1:ZG3JBA6rPRl0xxQ+nNSfO7tor8w+CNCTs05DNJQYbLM=
github.com/d2r2/go-logger v0.0.0-20181221090742-9998a510495e/go.mod h1:oA+9PUt8F1aKJ6o4YU1T120i7sgo1T6/1LWEEBy0BSs=
github.com/d2r2/go-shell v0.0.0-20191113051817-7664ea33645f h1:VrZEIdW45kHrPChbu4fvZnolG9l9Wu70znnLQUY/yFg=
github.com/d2r2/go-shell v0.0.0-20191113051817-7664ea33645f/go.mod h1:FdrNob+jQ3UkEpNVeZFVn8mW86Aa2wa6U5z0vGQOEXQ=
github.com/davecgh/go-spew v1.1.1 h1:vj9j/u1bqnvCEfJOwUhtlOARqs3+rkHYY13jYWTU97c=
github.com/davecgh/go-spew v1.1.1/go.mod h1:J7Y8YcW2NihsgmVo/mv3lAwl/skON4iLHjSsI+c5H38=
github.com/op/go-logging v0.0.0-20160315200505-970db520ece7 h1:lDH9UUVJtmYCjyT0CI4q8xvlXPxeZ0gYCVvWbmPlp88=
github.com/op/go-logging v0.0.0-20160315200505-970db520ece7/go.mod h1:HzydrMdWErDVzsI23lYNej1Htcns9BCg93Dk0bBINWk=
github.com/stianeikeland/go-rpio/v4 v4.4.0 h1:LScvNyXHF412co42LG5t7bvBDbtDAhLF828ebaGqmjA=
github.com/stianeikeland/go-rpio/v4 v4.4.0/go.mod h1:BkK52zk+FRk8wCTDf88/86Sojc+NfUiCAHd1ZV3RuTM=
